Microsoft Visual Studio Solution File, Format Version 12.00
# Visual Studio 2012
Project("{FAE04EC0-301F-11D3-BF4B-00C04F79EFBC}") = "SimGame", "SimGame.csproj", "{30EA8A8A-C143-4A7D-B074-B120E4FE3322}"
EndProject
Global
	GlobalSection(SolutionConfigurationPlatforms) = preSolution
	Debug|Any CPU = Debug|Any CPU
	ExportDebug|Any CPU = ExportDebug|Any CPU
	ExportRelease|Any CPU = ExportRelease|Any CPU
	EndGlobalSection
	GlobalSection(ProjectConfigurationPlatforms) = postSolution
		{30EA8A8A-C143-4A7D-B074-B120E4FE3322}.Debug|Any CPU.ActiveCfg = Debug|Any CPU
		{30EA8A8A-C143-4A7D-B074-B120E4FE3322}.Debug|Any CPU.Build.0 = Debug|Any CPU
		{30EA8A8A-C143-4A7D-B074-B120E4FE3322}.ExportDebug|Any CPU.ActiveCfg = ExportDebug|Any CPU
		{30EA8A8A-C143-4A7D-B074-B120E4FE3322}.ExportDebug|Any CPU.Build.0 = ExportDebug|Any CPU
		{30EA8A8A-C143-4A7D-B074-B120E4FE3322}.ExportRelease|Any CPU.ActiveCfg = ExportRelease|Any CPU
		{30EA8A8A-C143-4A7D-B074-B120E4FE3322}.ExportRelease|Any CPU.Build.0 = ExportRelease|Any CPU
	EndGlobalSection
EndGlobal
